
Microsoft Visual Studio Solution File, Format Version 12.00
# Visual Studio Version 16
VisualStudioVersion = 25.0.1706.0
MinimumVisualStudioVersion = 10.0.40219.1
Project("{FAE04EC0-301F-11D3-BF4B-00C04F79EFBC}") = "EX01-BuilderCodingExercise", "EX01-BuilderCodingExercise\EX01-BuilderCodingExercise.csproj", "{17D9E28F-3F7E-4FD9-B658-24A4872FEAE9}"
EndProject
Project("{2150E333-8FDC-42A3-9474-1A3956D46DE8}") = "Solution Items", "Solution Items", "{928AF3E4-23AB-44B8-AAA2-AC45B078BFD7}"
	ProjectSection(SolutionItems) = preProject
		LICENSE.md = LICENSE.md
		README.md = README.md
	EndProjectSection
EndProject
Project("{FAE04EC0-301F-11D3-BF4B-00C04F79EFBC}") = "T01_CollectionPerformance", "T01_CollectionPerformance\T01_CollectionPerformance.csproj", "{362DAA9F-5FDB-4F3C-8D1C-48A5BB4B4D05}"
EndProject
Global
	GlobalSection(SolutionConfigurationPlatforms) = preSolution
		Debug|Any CPU = Debug|Any CPU
		Release|Any CPU = Release|Any CPU
	EndGlobalSection
	GlobalSection(ProjectConfigurationPlatforms) = postSolution
		{17D9E28F-3F7E-4FD9-B658-24A4872FEAE9}.Debug|Any CPU.ActiveCfg = Debug|Any CPU
		{17D9E28F-3F7E-4FD9-B658-24A4872FEAE9}.Debug|Any CPU.Build.0 = Debug|Any CPU
		{17D9E28F-3F7E-4FD9-B658-24A4872FEAE9}.Release|Any CPU.ActiveCfg = Release|Any CPU
		{17D9E28F-3F7E-4FD9-B658-24A4872FEAE9}.Release|Any CPU.Build.0 = Release|Any CPU
		{362DAA9F-5FDB-4F3C-8D1C-48A5BB4B4D05}.Debug|Any CPU.ActiveCfg = Debug|Any CPU
		{362DAA9F-5FDB-4F3C-8D1C-48A5BB4B4D05}.Debug|Any CPU.Build.0 = Debug|Any CPU
		{362DAA9F-5FDB-4F3C-8D1C-48A5BB4B4D05}.Release|Any CPU.ActiveCfg = Release|Any CPU
		{362DAA9F-5FDB-4F3C-8D1C-48A5BB4B4D05}.Release|Any CPU.Build.0 = Release|Any CPU
	EndGlobalSection
	GlobalSection(SolutionProperties) = preSolution
		HideSolutionNode = FALSE
	EndGlobalSection
	GlobalSection(ExtensibilityGlobals) = postSolution
		SolutionGuid = {DA092479-B10D-47D6-B8D7-C8662AB9DC75}
	EndGlobalSection
EndGlobal
